
Microsoft Visual Studio Solution File, Format Version 12.00
# Visual Studio Version 16
VisualStudioVersion = 16.0.29609.76
MinimumVisualStudioVersion = 10.0.40219.1
Project("{9A19103F-16F7-4668-BE54-9A1E7A4F7556}") = "BlazorServerApp", "BlazorServerApp.csproj", "{AC7B8BB9-AFBB-487E-AB17-BD312A2136A2}"
EndProject
Project("{9A19103F-16F7-4668-BE54-9A1E7A4F7556}") = "BlazorServerApp.xUnitTests", "BlazorServerApp.xUnitTests\BlazorServerApp.xUnitTests.csproj", "{C1E3B2B3-AFCD-4B55-8901-1D5646E81CAB}"
EndProject
Global
	GlobalSection(SolutionConfigurationPlatforms) = preSolution
		Debug|Any CPU = Debug|Any CPU
		Release|Any CPU = Release|Any CPU
	EndGlobalSection
	GlobalSection(ProjectConfigurationPlatforms) = postSolution
		{AC7B8BB9-AFBB-487E-AB17-BD312A2136A2}.Debug|Any CPU.ActiveCfg = Debug|Any CPU
		{AC7B8BB9-AFBB-487E-AB17-BD312A2136A2}.Debug|Any CPU.Build.0 = Debug|Any CPU
		{AC7B8BB9-AFBB-487E-AB17-BD312A2136A2}.Release|Any CPU.ActiveCfg = Release|Any CPU
		{AC7B8BB9-AFBB-487E-AB17-BD312A2136A2}.Release|Any CPU.Build.0 = Release|Any CPU
		{C1E3B2B3-AFCD-4B55-8901-1D5646E81CAB}.Debug|Any CPU.ActiveCfg = Debug|Any CPU
		{C1E3B2B3-AFCD-4B55-8901-1D5646E81CAB}.Debug|Any CPU.Build.0 = Debug|Any CPU
		{C1E3B2B3-AFCD-4B55-8901-1D5646E81CAB}.Release|Any CPU.ActiveCfg = Release|Any CPU
		{C1E3B2B3-AFCD-4B55-8901-1D5646E81CAB}.Release|Any CPU.Build.0 = Release|Any CPU
	EndGlobalSection
	GlobalSection(SolutionProperties) = preSolution
		HideSolutionNode = FALSE
	EndGlobalSection
	GlobalSection(ExtensibilityGlobals) = postSolution
		SolutionGuid = {F1618E7F-ADE0-4D29-877D-42340729ADFD}
	EndGlobalSection
EndGlobal
